
Microsoft Visual Studio Solution File, Format Version 12.00
# Visual Studio Version 17
VisualStudioVersion = 17.7.34024.191
MinimumVisualStudioVersion = 10.0.40219.1
Project("{FAE04EC0-301F-11D3-BF4B-00C04F79EFBC}") = "ADİSYON", "ADİSYON\ADİSYON.csproj", "{D12B76AA-4500-4B6B-8B2E-9296DFD7490A}"
EndProject
Project("{FAE04EC0-301F-11D3-BF4B-00C04F79EFBC}") = "MESAFE HESAPLAYICI", "MESAFE HESAPLAYICI\MESAFE HESAPLAYICI.csproj", "{E8BE3921-686D-4E84-9615-D924681AAF62}"
EndProject
Project("{FAE04EC0-301F-11D3-BF4B-00C04F79EFBC}") = "SATIŞ VERGİSİ", "SATIŞ VERGİSİ\SATIŞ VERGİSİ.csproj", "{53E15485-8357-45E9-9432-AAB489E2B788}"
EndProject
Project("{FAE04EC0-301F-11D3-BF4B-00C04F79EFBC}") = "BASİT KODLAR", "BASİT KODLAR\BASİT KODLAR.csproj", "{13468745-97FE-4DF3-A1F2-70583401C193}"
EndProject
Project("{9A19103F-16F7-4668-BE54-9A1E7A4F7556}") = "KURABİYE KALORİ HESAPLA", "KURABİYE KALORİ HESAPLA\KURABİYE KALORİ HESAPLA.csproj", "{CF62A94C-44EA-4283-8D8F-85B9BB2F6EBD}"
EndProject
Project("{9A19103F-16F7-4668-BE54-9A1E7A4F7556}") = "STADYUM BİLET HESAPLA", "STADYUM BİLET HESAPLA\STADYUM BİLET HESAPLA.csproj", "{9779B5F4-2893-45E2-8842-9FAFB0594A55}"
EndProject
Project("{9A19103F-16F7-4668-BE54-9A1E7A4F7556}") = "EMLAK VERGİSİ", "EMLAK VERGİSİ\EMLAK VERGİSİ.csproj", "{3E9DDEF6-C60C-4808-9C92-0C0D7C08B105}"
EndProject
Project("{9A19103F-16F7-4668-BE54-9A1E7A4F7556}") = "OTOMOBİL MALİYETİ", "OTOMOBİL MALİYETİ\OTOMOBİL MALİYETİ.csproj", "{688A8D56-590D-4624-8EF1-4275C4B91DDE}"
EndProject
Project("{9A19103F-16F7-4668-BE54-9A1E7A4F7556}") = "VÜCUT KİTLE ENDEKSİ", "VÜCUT KİTLE ENDEKSİ\VÜCUT KİTLE ENDEKSİ.csproj", "{99ACEE51-85A9-428F-A2DA-2ED0C64B3370}"
EndProject
Project("{9A19103F-16F7-4668-BE54-9A1E7A4F7556}") = "MEYVE KALORİ", "MEYVE KALORİ\MEYVE KALORİ.csproj", "{9A16E7CF-C8DE-43BF-BD4E-1AC29A39156F}"
EndProject
Project("{2150E333-8FDC-42A3-9474-1A3956D46DE8}") = "Giriş ve Matematiksel İşlemler", "Giriş ve Matematiksel İşlemler", "{44A1868C-0E4B-484E-9CB8-EE5F2D65A7A6}"
EndProject
Project("{2150E333-8FDC-42A3-9474-1A3956D46DE8}") = "Döngüler ve Random Sayılar", "Döngüler ve Random Sayılar", "{70B3287D-0BDC-4F54-AA39-DDCBBA88F2E3}"
EndProject
Project("{9A19103F-16F7-4668-BE54-9A1E7A4F7556}") = "MESAFE HESAPLA YAZ", "MESAFE HESAPLA YAZ\MESAFE HESAPLA YAZ.csproj", "{19FE4C3E-B103-40D3-A60B-CCF521D05394}"
EndProject
Project("{9A19103F-16F7-4668-BE54-9A1E7A4F7556}") = "CELCIUS-FAHRENHEIT", "CELCIUS-FAHRENHEIT\CELCIUS-FAHRENHEIT.csproj", "{327EDE95-192A-474F-9B15-5A12CDFA2A6D}"
EndProject
Project("{9A19103F-16F7-4668-BE54-9A1E7A4F7556}") = "YAKILAN KALORİLER", "YAKILAN KALORİLER\YAKILAN KALORİLER.csproj", "{D5420F42-EA98-4E0C-99AB-AD00A32A6DD2}"
EndProject
Project("{9A19103F-16F7-4668-BE54-9A1E7A4F7556}") = "ÖĞRENİM ÜCRETİ", "ÖĞRENİM ÜCRETİ\ÖĞRENİM ÜCRETİ.csproj", "{C6846F98-85E5-40E7-8A6E-12FFE75FB511}"
EndProject
Project("{9A19103F-16F7-4668-BE54-9A1E7A4F7556}") = "ZAR OYUNU", "ZAR OYUNU\ZAR OYUNU.csproj", "{F006F088-61A6-4218-8C5D-87EAC3C5BD91}"
EndProject
Project("{9A19103F-16F7-4668-BE54-9A1E7A4F7556}") = "TOPLAMA ÖĞRETMENİ", "TOPLAMA ÖĞRETMENİ\TOPLAMA ÖĞRETMENİ.csproj", "{8B53DA0C-FC52-459E-856D-B5F977766FA8}"
EndProject
Project("{9A19103F-16F7-4668-BE54-9A1E7A4F7556}") = "RASTGELE SAYI TAHMİN OYUNU", "RASTGELE SAYI TAHMİN OYUNU\RASTGELE SAYI TAHMİN OYUNU.csproj", "{3BCF2A61-CC3B-4D4D-8FE5-3D45F073AAD1}"
EndProject
Project("{2150E333-8FDC-42A3-9474-1A3956D46DE8}") = "Diziler, Listler ve Dosya Okuma", "Diziler, Listler ve Dosya Okuma", "{A38BE8E8-FF12-4939-9D18-485FEE9BD7FF}"
EndProject
Project("{FAE04EC0-301F-11D3-BF4B-00C04F79EFBC}") = "TOPLAM SATIŞLAR", "TOPLAM SATIŞLAR\TOPLAM SATIŞLAR.csproj", "{EE4E1B1C-3955-4057-A154-E0F82D336E22}"
EndProject
Project("{FAE04EC0-301F-11D3-BF4B-00C04F79EFBC}") = "HESAP DOĞRULAMA", "HESAP DOĞRULAMA\HESAP DOĞRULAMA.csproj", "{8CF30781-0482-428B-8A6F-0ABB4BEFEA21}"
EndProject
Project("{FAE04EC0-301F-11D3-BF4B-00C04F79EFBC}") = "EHLİYET SINAVI", "EHLİYET SINAVI\EHLİYET SINAVI.csproj", "{9A2B3C2F-15FF-417E-B2C2-4EB351043A78}"
EndProject
Project("{FAE04EC0-301F-11D3-BF4B-00C04F79EFBC}") = "SATIŞ ANALİZİ", "SATIŞ ANALİZİ\SATIŞ ANALİZİ.csproj", "{9A0C9DB2-0771-4AEA-9534-5B1034BFA3E3}"
EndProject
Project("{FAE04EC0-301F-11D3-BF4B-00C04F79EFBC}") = "DÜNYA SERİSİ ŞAMPİYONLARI", "DÜNYA SERİSİ ŞAMPİYONLARI\DÜNYA SERİSİ ŞAMPİYONLARI.csproj", "{9A2FE134-15BE-42FD-A654-6DA279A50664}"
EndProject
Project("{FAE04EC0-301F-11D3-BF4B-00C04F79EFBC}") = "NÜFUS VERİLERİ", "NÜFUS VERİLERİ\NÜFUS VERİLERİ.csproj", "{1F95A9B2-D7BA-49CB-BE00-EBC8ABB82147}"
EndProject
Global
	GlobalSection(SolutionConfigurationPlatforms) = preSolution
		Debug|Any CPU = Debug|Any CPU
		Release|Any CPU = Release|Any CPU
	EndGlobalSection
	GlobalSection(ProjectConfigurationPlatforms) = postSolution
		{D12B76AA-4500-4B6B-8B2E-9296DFD7490A}.Debug|Any CPU.ActiveCfg = Debug|Any CPU
		{D12B76AA-4500-4B6B-8B2E-9296DFD7490A}.Debug|Any CPU.Build.0 = Debug|Any CPU
		{D12B76AA-4500-4B6B-8B2E-9296DFD7490A}.Release|Any CPU.ActiveCfg = Release|Any CPU
		{D12B76AA-4500-4B6B-8B2E-9296DFD7490A}.Release|Any CPU.Build.0 = Release|Any CPU
		{E8BE3921-686D-4E84-9615-D924681AAF62}.Debug|Any CPU.ActiveCfg = Debug|Any CPU
		{E8BE3921-686D-4E84-9615-D924681AAF62}.Debug|Any CPU.Build.0 = Debug|Any CPU
		{E8BE3921-686D-4E84-9615-D924681AAF62}.Release|Any CPU.ActiveCfg = Release|Any CPU
		{E8BE3921-686D-4E84-9615-D924681AAF62}.Release|Any CPU.Build.0 = Release|Any CPU
		{53E15485-8357-45E9-9432-AAB489E2B788}.Debug|Any CPU.ActiveCfg = Debug|Any CPU
		{53E15485-8357-45E9-9432-AAB489E2B788}.Debug|Any CPU.Build.0 = Debug|Any CPU
		{53E15485-8357-45E9-9432-AAB489E2B788}.Release|Any CPU.ActiveCfg = Release|Any CPU
		{53E15485-8357-45E9-9432-AAB489E2B788}.Release|Any CPU.Build.0 = Release|Any CPU
		{13468745-97FE-4DF3-A1F2-70583401C193}.Debug|Any CPU.ActiveCfg = Debug|Any CPU
		{13468745-97FE-4DF3-A1F2-70583401C193}.Debug|Any CPU.Build.0 = Debug|Any CPU
		{13468745-97FE-4DF3-A1F2-70583401C193}.Release|Any CPU.ActiveCfg = Release|Any CPU
		{13468745-97FE-4DF3-A1F2-70583401C193}.Release|Any CPU.Build.0 = Release|Any CPU
		{CF62A94C-44EA-4283-8D8F-85B9BB2F6EBD}.Debug|Any CPU.ActiveCfg = Debug|Any CPU
		{CF62A94C-44EA-4283-8D8F-85B9BB2F6EBD}.Debug|Any CPU.Build.0 = Debug|Any CPU
		{CF62A94C-44EA-4283-8D8F-85B9BB2F6EBD}.Release|Any CPU.ActiveCfg = Release|Any CPU
		{CF62A94C-44EA-4283-8D8F-85B9BB2F6EBD}.Release|Any CPU.Build.0 = Release|Any CPU
		{9779B5F4-2893-45E2-8842-9FAFB0594A55}.Debug|Any CPU.ActiveCfg = Debug|Any CPU
		{9779B5F4-2893-45E2-8842-9FAFB0594A55}.Debug|Any CPU.Build.0 = Debug|Any CPU
		{9779B5F4-2893-45E2-8842-9FAFB0594A55}.Release|Any CPU.ActiveCfg = Release|Any CPU
		{9779B5F4-2893-45E2-8842-9FAFB0594A55}.Release|Any CPU.Build.0 = Release|Any CPU
		{3E9DDEF6-C60C-4808-9C92-0C0D7C08B105}.Debug|Any CPU.ActiveCfg = Debug|Any CPU
		{3E9DDEF6-C60C-4808-9C92-0C0D7C08B105}.Debug|Any CPU.Build.0 = Debug|Any CPU
		{3E9DDEF6-C60C-4808-9C92-0C0D7C08B105}.Release|Any CPU.ActiveCfg = Release|Any CPU
		{3E9DDEF6-C60C-4808-9C92-0C0D7C08B105}.Release|Any CPU.Build.0 = Release|Any CPU
		{688A8D56-590D-4624-8EF1-4275C4B91DDE}.Debug|Any CPU.ActiveCfg = Debug|Any CPU
		{688A8D56-590D-4624-8EF1-4275C4B91DDE}.Debug|Any CPU.Build.0 = Debug|Any CPU
		{688A8D56-590D-4624-8EF1-4275C4B91DDE}.Release|Any CPU.ActiveCfg = Release|Any CPU
		{688A8D56-590D-4624-8EF1-4275C4B91DDE}.Release|Any CPU.Build.0 = Release|Any CPU
		{99ACEE51-85A9-428F-A2DA-2ED0C64B3370}.Debug|Any CPU.ActiveCfg = Debug|Any CPU
		{99ACEE51-85A9-428F-A2DA-2ED0C64B3370}.Debug|Any CPU.Build.0 = Debug|Any CPU
		{99ACEE51-85A9-428F-A2DA-2ED0C64B3370}.Release|Any CPU.ActiveCfg = Release|Any CPU
		{99ACEE51-85A9-428F-A2DA-2ED0C64B3370}.Release|Any CPU.Build.0 = Release|Any CPU
		{9A16E7CF-C8DE-43BF-BD4E-1AC29A39156F}.Debug|Any CPU.ActiveCfg = Debug|Any CPU
		{9A16E7CF-C8DE-43BF-BD4E-1AC29A39156F}.Debug|Any CPU.Build.0 = Debug|Any CPU
		{9A16E7CF-C8DE-43BF-BD4E-1AC29A39156F}.Release|Any CPU.ActiveCfg = Release|Any CPU
		{9A16E7CF-C8DE-43BF-BD4E-1AC29A39156F}.Release|Any CPU.Build.0 = Release|Any CPU
		{19FE4C3E-B103-40D3-A60B-CCF521D05394}.Debug|Any CPU.ActiveCfg = Debug|Any CPU
		{19FE4C3E-B103-40D3-A60B-CCF521D05394}.Debug|Any CPU.Build.0 = Debug|Any CPU
		{19FE4C3E-B103-40D3-A60B-CCF521D05394}.Release|Any CPU.ActiveCfg = Release|Any CPU
		{19FE4C3E-B103-40D3-A60B-CCF521D05394}.Release|Any CPU.Build.0 = Release|Any CPU
		{327EDE95-192A-474F-9B15-5A12CDFA2A6D}.Debug|Any CPU.ActiveCfg = Debug|Any CPU
		{327EDE95-192A-474F-9B15-5A12CDFA2A6D}.Debug|Any CPU.Build.0 = Debug|Any CPU
		{327EDE95-192A-474F-9B15-5A12CDFA2A6D}.Release|Any CPU.ActiveCfg = Release|Any CPU
		{327EDE95-192A-474F-9B15-5A12CDFA2A6D}.Release|Any CPU.Build.0 = Release|Any CPU
		{D5420F42-EA98-4E0C-99AB-AD00A32A6DD2}.Debug|Any CPU.ActiveCfg = Debug|Any CPU
		{D5420F42-EA98-4E0C-99AB-AD00A32A6DD2}.Debug|Any CPU.Build.0 = Debug|Any CPU
		{D5420F42-EA98-4E0C-99AB-AD00A32A6DD2}.Release|Any CPU.ActiveCfg = Release|Any CPU
		{D5420F42-EA98-4E0C-99AB-AD00A32A6DD2}.Release|Any CPU.Build.0 = Release|Any CPU
		{C6846F98-85E5-40E7-8A6E-12FFE75FB511}.Debug|Any CPU.ActiveCfg = Debug|Any CPU
		{C6846F98-85E5-40E7-8A6E-12FFE75FB511}.Debug|Any CPU.Build.0 = Debug|Any CPU
		{C6846F98-85E5-40E7-8A6E-12FFE75FB511}.Release|Any CPU.ActiveCfg = Release|Any CPU
		{C6846F98-85E5-40E7-8A6E-12FFE75FB511}.Release|Any CPU.Build.0 = Release|Any CPU
		{F006F088-61A6-4218-8C5D-87EAC3C5BD91}.Debug|Any CPU.ActiveCfg = Debug|Any CPU
		{F006F088-61A6-4218-8C5D-87EAC3C5BD91}.Debug|Any CPU.Build.0 = Debug|Any CPU
		{F006F088-61A6-4218-8C5D-87EAC3C5BD91}.Release|Any CPU.ActiveCfg = Release|Any CPU
		{F006F088-61A6-4218-8C5D-87EAC3C5BD91}.Release|Any CPU.Build.0 = Release|Any CPU
		{8B53DA0C-FC52-459E-856D-B5F977766FA8}.Debug|Any CPU.ActiveCfg = Debug|Any CPU
		{8B53DA0C-FC52-459E-856D-B5F977766FA8}.Debug|Any CPU.Build.0 = Debug|Any CPU
		{8B53DA0C-FC52-459E-856D-B5F977766FA8}.Release|Any CPU.ActiveCfg = Release|Any CPU
		{8B53DA0C-FC52-459E-856D-B5F977766FA8}.Release|Any CPU.Build.0 = Release|Any CPU
		{3BCF2A61-CC3B-4D4D-8FE5-3D45F073AAD1}.Debug|Any CPU.ActiveCfg = Debug|Any CPU
		{3BCF2A61-CC3B-4D4D-8FE5-3D45F073AAD1}.Debug|Any CPU.Build.0 = Debug|Any CPU
		{3BCF2A61-CC3B-4D4D-8FE5-3D45F073AAD1}.Release|Any CPU.ActiveCfg = Release|Any CPU
		{3BCF2A61-CC3B-4D4D-8FE5-3D45F073AAD1}.Release|Any CPU.Build.0 = Release|Any CPU
		{EE4E1B1C-3955-4057-A154-E0F82D336E22}.Debug|Any CPU.ActiveCfg = Debug|Any CPU
		{EE4E1B1C-3955-4057-A154-E0F82D336E22}.Debug|Any CPU.Build.0 = Debug|Any CPU
		{EE4E1B1C-3955-4057-A154-E0F82D336E22}.Release|Any CPU.ActiveCfg = Release|Any CPU
		{EE4E1B1C-3955-4057-A154-E0F82D336E22}.Release|Any CPU.Build.0 = Release|Any CPU
		{8CF30781-0482-428B-8A6F-0ABB4BEFEA21}.Debug|Any CPU.ActiveCfg = Debug|Any CPU
		{8CF30781-0482-428B-8A6F-0ABB4BEFEA21}.Debug|Any CPU.Build.0 = Debug|Any CPU
		{8CF30781-0482-428B-8A6F-0ABB4BEFEA21}.Release|Any CPU.ActiveCfg = Release|Any CPU
		{8CF30781-0482-428B-8A6F-0ABB4BEFEA21}.Release|Any CPU.Build.0 = Release|Any CPU
		{9A2B3C2F-15FF-417E-B2C2-4EB351043A78}.Debug|Any CPU.ActiveCfg = Debug|Any CPU
		{9A2B3C2F-15FF-417E-B2C2-4EB351043A78}.Debug|Any CPU.Build.0 = Debug|Any CPU
		{9A2B3C2F-15FF-417E-B2C2-4EB351043A78}.Release|Any CPU.ActiveCfg = Release|Any CPU
		{9A2B3C2F-15FF-417E-B2C2-4EB351043A78}.Release|Any CPU.Build.0 = Release|Any CPU
		{9A0C9DB2-0771-4AEA-9534-5B1034BFA3E3}.Debug|Any CPU.ActiveCfg = Debug|Any CPU
		{9A0C9DB2-0771-4AEA-9534-5B1034BFA3E3}.Debug|Any CPU.Build.0 = Debug|Any CPU
		{9A0C9DB2-0771-4AEA-9534-5B1034BFA3E3}.Release|Any CPU.ActiveCfg = Release|Any CPU
		{9A0C9DB2-0771-4AEA-9534-5B1034BFA3E3}.Release|Any CPU.Build.0 = Release|Any CPU
		{9A2FE134-15BE-42FD-A654-6DA279A50664}.Debug|Any CPU.ActiveCfg = Debug|Any CPU
		{9A2FE134-15BE-42FD-A654-6DA279A50664}.Debug|Any CPU.Build.0 = Debug|Any CPU
		{9A2FE134-15BE-42FD-A654-6DA279A50664}.Release|Any CPU.ActiveCfg = Release|Any CPU
		{9A2FE134-15BE-42FD-A654-6DA279A50664}.Release|Any CPU.Build.0 = Release|Any CPU
		{1F95A9B2-D7BA-49CB-BE00-EBC8ABB82147}.Debug|Any CPU.ActiveCfg = Debug|Any CPU
		{1F95A9B2-D7BA-49CB-BE00-EBC8ABB82147}.Debug|Any CPU.Build.0 = Debug|Any CPU
		{1F95A9B2-D7BA-49CB-BE00-EBC8ABB82147}.Release|Any CPU.ActiveCfg = Release|Any CPU
		{1F95A9B2-D7BA-49CB-BE00-EBC8ABB82147}.Release|Any CPU.Build.0 = Release|Any CPU
	EndGlobalSection
	GlobalSection(SolutionProperties) = preSolution
		HideSolutionNode = FALSE
	EndGlobalSection
	GlobalSection(NestedProjects) = preSolution
		{D12B76AA-4500-4B6B-8B2E-9296DFD7490A} = {44A1868C-0E4B-484E-9CB8-EE5F2D65A7A6}
		{E8BE3921-686D-4E84-9615-D924681AAF62} = {44A1868C-0E4B-484E-9CB8-EE5F2D65A7A6}
		{53E15485-8357-45E9-9432-AAB489E2B788} = {44A1868C-0E4B-484E-9CB8-EE5F2D65A7A6}
		{13468745-97FE-4DF3-A1F2-70583401C193} = {44A1868C-0E4B-484E-9CB8-EE5F2D65A7A6}
		{CF62A94C-44EA-4283-8D8F-85B9BB2F6EBD} = {44A1868C-0E4B-484E-9CB8-EE5F2D65A7A6}
		{9779B5F4-2893-45E2-8842-9FAFB0594A55} = {44A1868C-0E4B-484E-9CB8-EE5F2D65A7A6}
		{3E9DDEF6-C60C-4808-9C92-0C0D7C08B105} = {44A1868C-0E4B-484E-9CB8-EE5F2D65A7A6}
		{688A8D56-590D-4624-8EF1-4275C4B91DDE} = {44A1868C-0E4B-484E-9CB8-EE5F2D65A7A6}
		{99ACEE51-85A9-428F-A2DA-2ED0C64B3370} = {44A1868C-0E4B-484E-9CB8-EE5F2D65A7A6}
		{9A16E7CF-C8DE-43BF-BD4E-1AC29A39156F} = {44A1868C-0E4B-484E-9CB8-EE5F2D65A7A6}
		{19FE4C3E-B103-40D3-A60B-CCF521D05394} = {70B3287D-0BDC-4F54-AA39-DDCBBA88F2E3}
		{327EDE95-192A-474F-9B15-5A12CDFA2A6D} = {70B3287D-0BDC-4F54-AA39-DDCBBA88F2E3}
		{D5420F42-EA98-4E0C-99AB-AD00A32A6DD2} = {70B3287D-0BDC-4F54-AA39-DDCBBA88F2E3}
		{C6846F98-85E5-40E7-8A6E-12FFE75FB511} = {70B3287D-0BDC-4F54-AA39-DDCBBA88F2E3}
		{F006F088-61A6-4218-8C5D-87EAC3C5BD91} = {70B3287D-0BDC-4F54-AA39-DDCBBA88F2E3}
		{8B53DA0C-FC52-459E-856D-B5F977766FA8} = {70B3287D-0BDC-4F54-AA39-DDCBBA88F2E3}
		{3BCF2A61-CC3B-4D4D-8FE5-3D45F073AAD1} = {70B3287D-0BDC-4F54-AA39-DDCBBA88F2E3}
		{EE4E1B1C-3955-4057-A154-E0F82D336E22} = {A38BE8E8-FF12-4939-9D18-485FEE9BD7FF}
		{8CF30781-0482-428B-8A6F-0ABB4BEFEA21} = {A38BE8E8-FF12-4939-9D18-485FEE9BD7FF}
		{9A2B3C2F-15FF-417E-B2C2-4EB351043A78} = {A38BE8E8-FF12-4939-9D18-485FEE9BD7FF}
		{9A0C9DB2-0771-4AEA-9534-5B1034BFA3E3} = {A38BE8E8-FF12-4939-9D18-485FEE9BD7FF}
		{9A2FE134-15BE-42FD-A654-6DA279A50664} = {A38BE8E8-FF12-4939-9D18-485FEE9BD7FF}
		{1F95A9B2-D7BA-49CB-BE00-EBC8ABB82147} = {A38BE8E8-FF12-4939-9D18-485FEE9BD7FF}
	EndGlobalSection
	GlobalSection(ExtensibilityGlobals) = postSolution
		SolutionGuid = {E9E3C15D-7976-475E-BCB2-1BC21A9F29D3}
	EndGlobalSection
EndGlobal
