
Microsoft Visual Studio Solution File, Format Version 12.00
# Visual Studio Version 17
VisualStudioVersion = 17.7.34024.191
MinimumVisualStudioVersion = 10.0.40219.1
Project("{2150E333-8FDC-42A3-9474-1A3956D46DE8}") = "Giriş ve Matematiksel İşlemler", "Giriş ve Matematiksel İşlemler", "{44A1868C-0E4B-484E-9CB8-EE5F2D65A7A6}"
EndProject
Project("{2150E333-8FDC-42A3-9474-1A3956D46DE8}") = "Döngüler ve Random Sayılar", "Döngüler ve Random Sayılar", "{70B3287D-0BDC-4F54-AA39-DDCBBA88F2E3}"
EndProject
Project("{2150E333-8FDC-42A3-9474-1A3956D46DE8}") = "Diziler, Listler ve Dosya Okuma", "Diziler, Listler ve Dosya Okuma", "{A38BE8E8-FF12-4939-9D18-485FEE9BD7FF}"
EndProject
Project("{2150E333-8FDC-42A3-9474-1A3956D46DE8}") = "Metotlar", "Metotlar", "{65D9C10E-0B19-4A58-81D7-D4D356FCF871}"
EndProject
Project("{FAE04EC0-301F-11D3-BF4B-00C04F79EFBC}") = "PERAKENDE FİYAT HESAPLAYICI", "METOTLAR\PERAKENDE FİYAT HESAPLAYICI\PERAKENDE FİYAT HESAPLAYICI.csproj", "{968781AD-D380-45BF-BA9B-061204F397AE}"
EndProject
Project("{FAE04EC0-301F-11D3-BF4B-00C04F79EFBC}") = "KİNETİK ENERJİ HESAPLAYICI", "METOTLAR\KİNETİK ENERJİ HESAPLAYICI\KİNETİK ENERJİ HESAPLAYICI.csproj", "{C5E692BB-97E4-4767-A092-FE765D485C8D}"
EndProject
Project("{FAE04EC0-301F-11D3-BF4B-00C04F79EFBC}") = "ASAL MI", "METOTLAR\ASAL MI\ASAL MI.csproj", "{871A76BD-E418-4822-A992-C2F4E2257D84}"
EndProject
Project("{FAE04EC0-301F-11D3-BF4B-00C04F79EFBC}") = "KALORİ VE YAĞ HESAPLAYICI", "METOTLAR\KALORİ VE YAĞ HESAPLAYICI\KALORİ VE YAĞ HESAPLAYICI.csproj", "{49647DCE-86BF-4A0E-A536-4CBBBDA0E69B}"
EndProject
Project("{FAE04EC0-301F-11D3-BF4B-00C04F79EFBC}") = "ADİSYON", "GİRİŞ VE MATEMATİKSEL İŞLEMLER\ADİSYON\ADİSYON.csproj", "{C4E9BEC8-07A4-4B54-B9D9-857E7859A855}"
EndProject
Project("{FAE04EC0-301F-11D3-BF4B-00C04F79EFBC}") = "DÜNYA SERİSİ ŞAMPİYONLARI", "DİZİLER, LİSTLER VE DOSYA OKUMA\DÜNYA SERİSİ ŞAMPİYONLARI\DÜNYA SERİSİ ŞAMPİYONLARI.csproj", "{9A2FE134-15BE-42FD-A654-6DA279A50664}"
EndProject
Project("{9A19103F-16F7-4668-BE54-9A1E7A4F7556}") = "EHLİYET SINAVI", "DİZİLER, LİSTLER VE DOSYA OKUMA\EHLİYET SINAVI\EHLİYET SINAVI.csproj", "{8096936A-C09F-46E9-9EC8-95C140002375}"
EndProject
Project("{9A19103F-16F7-4668-BE54-9A1E7A4F7556}") = "HESAP DOĞRULAMA", "DİZİLER, LİSTLER VE DOSYA OKUMA\HESAP DOĞRULAMA\HESAP DOĞRULAMA.csproj", "{3C1C067E-215A-4D57-8B58-BFACC854CF59}"
EndProject
Project("{FAE04EC0-301F-11D3-BF4B-00C04F79EFBC}") = "NÜFUS VERİLERİ", "DİZİLER, LİSTLER VE DOSYA OKUMA\NÜFUS VERİLERİ\NÜFUS VERİLERİ.csproj", "{1F95A9B2-D7BA-49CB-BE00-EBC8ABB82147}"
EndProject
Project("{FAE04EC0-301F-11D3-BF4B-00C04F79EFBC}") = "SATIŞ ANALİZİ", "DİZİLER, LİSTLER VE DOSYA OKUMA\SATIŞ ANALİZİ\SATIŞ ANALİZİ.csproj", "{9A0C9DB2-0771-4AEA-9534-5B1034BFA3E3}"
EndProject
Project("{9A19103F-16F7-4668-BE54-9A1E7A4F7556}") = "TOPLAM SATIŞLAR", "DİZİLER, LİSTLER VE DOSYA OKUMA\TOPLAM SATIŞLAR\TOPLAM SATIŞLAR.csproj", "{20ECF0A2-5D53-48A3-851C-6B2D6E575FD8}"
EndProject
Project("{9A19103F-16F7-4668-BE54-9A1E7A4F7556}") = "CELCIUS-FAHRENHEIT", "DÖNGÜLER VE RANDOM SAYILAR\CELCIUS-FAHRENHEIT\CELCIUS-FAHRENHEIT.csproj", "{7E231A15-F59E-4BBF-B140-D254072423DE}"
EndProject
Project("{9A19103F-16F7-4668-BE54-9A1E7A4F7556}") = "MESAFE HESAPLA YAZ", "DÖNGÜLER VE RANDOM SAYILAR\MESAFE HESAPLA YAZ\MESAFE HESAPLA YAZ.csproj", "{40D7D473-7E83-4E4F-BE55-71F465833283}"
EndProject
Project("{9A19103F-16F7-4668-BE54-9A1E7A4F7556}") = "ÖĞRENİM ÜCRETİ", "DÖNGÜLER VE RANDOM SAYILAR\ÖĞRENİM ÜCRETİ\ÖĞRENİM ÜCRETİ.csproj", "{06B7EB11-F7C4-4BD8-9B54-9D8803183B8D}"
EndProject
Project("{9A19103F-16F7-4668-BE54-9A1E7A4F7556}") = "RASTGELE SAYI TAHMİN OYUNU", "DÖNGÜLER VE RANDOM SAYILAR\RASTGELE SAYI TAHMİN OYUNU\RASTGELE SAYI TAHMİN OYUNU.csproj", "{58DC050B-065E-4487-88C7-686ED6AE8689}"
EndProject
Project("{9A19103F-16F7-4668-BE54-9A1E7A4F7556}") = "TOPLAMA ÖĞRETMENİ", "DÖNGÜLER VE RANDOM SAYILAR\TOPLAMA ÖĞRETMENİ\TOPLAMA ÖĞRETMENİ.csproj", "{3E66034A-862C-4CD3-8BBA-70EA660AC5E9}"
EndProject
Project("{9A19103F-16F7-4668-BE54-9A1E7A4F7556}") = "YAKILAN KALORİLER", "DÖNGÜLER VE RANDOM SAYILAR\YAKILAN KALORİLER\YAKILAN KALORİLER.csproj", "{A0B5986E-7A75-43E7-AFD4-C5ABBC4F4662}"
EndProject
Project("{9A19103F-16F7-4668-BE54-9A1E7A4F7556}") = "ZAR OYUNU", "DÖNGÜLER VE RANDOM SAYILAR\ZAR OYUNU\ZAR OYUNU.csproj", "{9E2D5CB8-DECA-4C77-8853-60296145BB17}"
EndProject
Project("{FAE04EC0-301F-11D3-BF4B-00C04F79EFBC}") = "BASİT KODLAR", "GİRİŞ VE MATEMATİKSEL İŞLEMLER\BASİT KODLAR\BASİT KODLAR.csproj", "{13468745-97FE-4DF3-A1F2-70583401C193}"
EndProject
Project("{9A19103F-16F7-4668-BE54-9A1E7A4F7556}") = "EMLAK VERGİSİ", "GİRİŞ VE MATEMATİKSEL İŞLEMLER\EMLAK VERGİSİ\EMLAK VERGİSİ.csproj", "{6C91B3EE-1A38-4EB8-9371-48AA92352DC5}"
EndProject
Project("{9A19103F-16F7-4668-BE54-9A1E7A4F7556}") = "KURABİYE KALORİ HESAPLA", "GİRİŞ VE MATEMATİKSEL İŞLEMLER\KURABİYE KALORİ HESAPLA\KURABİYE KALORİ HESAPLA.csproj", "{A10DD518-4670-427B-8558-A3956DEBE081}"
EndProject
Project("{FAE04EC0-301F-11D3-BF4B-00C04F79EFBC}") = "MESAFE HESAPLAYICI", "GİRİŞ VE MATEMATİKSEL İŞLEMLER\MESAFE HESAPLAYICI\MESAFE HESAPLAYICI.csproj", "{E8BE3921-686D-4E84-9615-D924681AAF62}"
EndProject
Project("{9A19103F-16F7-4668-BE54-9A1E7A4F7556}") = "MEYVE KALORİ", "GİRİŞ VE MATEMATİKSEL İŞLEMLER\MEYVE KALORİ\MEYVE KALORİ.csproj", "{657D3228-0C9E-42B2-92D4-B32ABFF2D0C9}"
EndProject
Project("{9A19103F-16F7-4668-BE54-9A1E7A4F7556}") = "OTOMOBİL MALİYETİ", "GİRİŞ VE MATEMATİKSEL İŞLEMLER\OTOMOBİL MALİYETİ\OTOMOBİL MALİYETİ.csproj", "{43D031F3-A287-4133-82F4-FA78DAAAF9B1}"
EndProject
Project("{FAE04EC0-301F-11D3-BF4B-00C04F79EFBC}") = "SATIŞ VERGİSİ", "GİRİŞ VE MATEMATİKSEL İŞLEMLER\SATIŞ VERGİSİ\SATIŞ VERGİSİ.csproj", "{53E15485-8357-45E9-9432-AAB489E2B788}"
EndProject
Project("{9A19103F-16F7-4668-BE54-9A1E7A4F7556}") = "STADYUM BİLET HESAPLA", "GİRİŞ VE MATEMATİKSEL İŞLEMLER\STADYUM BİLET HESAPLA\STADYUM BİLET HESAPLA.csproj", "{04FF3853-4516-4BE4-BC1D-306474C9B822}"
EndProject
Project("{9A19103F-16F7-4668-BE54-9A1E7A4F7556}") = "VÜCUT KİTLE ENDEKSİ", "GİRİŞ VE MATEMATİKSEL İŞLEMLER\VÜCUT KİTLE ENDEKSİ\VÜCUT KİTLE ENDEKSİ.csproj", "{6E100CD8-5469-4063-8E16-B27F70C22F4B}"
EndProject
Project("{2150E333-8FDC-42A3-9474-1A3956D46DE8}") = "Sınıflar ve Çoklu Form Uygulamaları", "Sınıflar ve Çoklu Form Uygulamaları", "{987F91D7-43ED-4D03-9DEA-EB1A06CD9F0F}"
EndProject
Project("{FAE04EC0-301F-11D3-BF4B-00C04F79EFBC}") = "HAYVAN SINIFI", "SINIFLAR VE ÇOKLU FORM UYGULAMALARI\HAYVAN SINIFI\HAYVAN SINIFI.csproj", "{AB46AE30-77B6-462A-A2E3-D984823A769A}"
EndProject
Global
	GlobalSection(SolutionConfigurationPlatforms) = preSolution
		Debug|Any CPU = Debug|Any CPU
		Release|Any CPU = Release|Any CPU
	EndGlobalSection
	GlobalSection(ProjectConfigurationPlatforms) = postSolution
		{968781AD-D380-45BF-BA9B-061204F397AE}.Debug|Any CPU.ActiveCfg = Debug|Any CPU
		{968781AD-D380-45BF-BA9B-061204F397AE}.Debug|Any CPU.Build.0 = Debug|Any CPU
		{968781AD-D380-45BF-BA9B-061204F397AE}.Release|Any CPU.ActiveCfg = Release|Any CPU
		{968781AD-D380-45BF-BA9B-061204F397AE}.Release|Any CPU.Build.0 = Release|Any CPU
		{C5E692BB-97E4-4767-A092-FE765D485C8D}.Debug|Any CPU.ActiveCfg = Debug|Any CPU
		{C5E692BB-97E4-4767-A092-FE765D485C8D}.Debug|Any CPU.Build.0 = Debug|Any CPU
		{C5E692BB-97E4-4767-A092-FE765D485C8D}.Release|Any CPU.ActiveCfg = Release|Any CPU
		{C5E692BB-97E4-4767-A092-FE765D485C8D}.Release|Any CPU.Build.0 = Release|Any CPU
		{871A76BD-E418-4822-A992-C2F4E2257D84}.Debug|Any CPU.ActiveCfg = Debug|Any CPU
		{871A76BD-E418-4822-A992-C2F4E2257D84}.Debug|Any CPU.Build.0 = Debug|Any CPU
		{871A76BD-E418-4822-A992-C2F4E2257D84}.Release|Any CPU.ActiveCfg = Release|Any CPU
		{871A76BD-E418-4822-A992-C2F4E2257D84}.Release|Any CPU.Build.0 = Release|Any CPU
		{49647DCE-86BF-4A0E-A536-4CBBBDA0E69B}.Debug|Any CPU.ActiveCfg = Debug|Any CPU
		{49647DCE-86BF-4A0E-A536-4CBBBDA0E69B}.Debug|Any CPU.Build.0 = Debug|Any CPU
		{49647DCE-86BF-4A0E-A536-4CBBBDA0E69B}.Release|Any CPU.ActiveCfg = Release|Any CPU
		{49647DCE-86BF-4A0E-A536-4CBBBDA0E69B}.Release|Any CPU.Build.0 = Release|Any CPU
		{C4E9BEC8-07A4-4B54-B9D9-857E7859A855}.Debug|Any CPU.ActiveCfg = Debug|Any CPU
		{C4E9BEC8-07A4-4B54-B9D9-857E7859A855}.Debug|Any CPU.Build.0 = Debug|Any CPU
		{C4E9BEC8-07A4-4B54-B9D9-857E7859A855}.Release|Any CPU.ActiveCfg = Release|Any CPU
		{C4E9BEC8-07A4-4B54-B9D9-857E7859A855}.Release|Any CPU.Build.0 = Release|Any CPU
		{9A2FE134-15BE-42FD-A654-6DA279A50664}.Debug|Any CPU.ActiveCfg = Debug|Any CPU
		{9A2FE134-15BE-42FD-A654-6DA279A50664}.Debug|Any CPU.Build.0 = Debug|Any CPU
		{9A2FE134-15BE-42FD-A654-6DA279A50664}.Release|Any CPU.ActiveCfg = Release|Any CPU
		{9A2FE134-15BE-42FD-A654-6DA279A50664}.Release|Any CPU.Build.0 = Release|Any CPU
		{8096936A-C09F-46E9-9EC8-95C140002375}.Debug|Any CPU.ActiveCfg = Debug|Any CPU
		{8096936A-C09F-46E9-9EC8-95C140002375}.Debug|Any CPU.Build.0 = Debug|Any CPU
		{8096936A-C09F-46E9-9EC8-95C140002375}.Release|Any CPU.ActiveCfg = Release|Any CPU
		{8096936A-C09F-46E9-9EC8-95C140002375}.Release|Any CPU.Build.0 = Release|Any CPU
		{3C1C067E-215A-4D57-8B58-BFACC854CF59}.Debug|Any CPU.ActiveCfg = Debug|Any CPU
		{3C1C067E-215A-4D57-8B58-BFACC854CF59}.Debug|Any CPU.Build.0 = Debug|Any CPU
		{3C1C067E-215A-4D57-8B58-BFACC854CF59}.Release|Any CPU.ActiveCfg = Release|Any CPU
		{3C1C067E-215A-4D57-8B58-BFACC854CF59}.Release|Any CPU.Build.0 = Release|Any CPU
		{1F95A9B2-D7BA-49CB-BE00-EBC8ABB82147}.Debug|Any CPU.ActiveCfg = Debug|Any CPU
		{1F95A9B2-D7BA-49CB-BE00-EBC8ABB82147}.Debug|Any CPU.Build.0 = Debug|Any CPU
		{1F95A9B2-D7BA-49CB-BE00-EBC8ABB82147}.Release|Any CPU.ActiveCfg = Release|Any CPU
		{1F95A9B2-D7BA-49CB-BE00-EBC8ABB82147}.Release|Any CPU.Build.0 = Release|Any CPU
		{9A0C9DB2-0771-4AEA-9534-5B1034BFA3E3}.Debug|Any CPU.ActiveCfg = Debug|Any CPU
		{9A0C9DB2-0771-4AEA-9534-5B1034BFA3E3}.Debug|Any CPU.Build.0 = Debug|Any CPU
		{9A0C9DB2-0771-4AEA-9534-5B1034BFA3E3}.Release|Any CPU.ActiveCfg = Release|Any CPU
		{9A0C9DB2-0771-4AEA-9534-5B1034BFA3E3}.Release|Any CPU.Build.0 = Release|Any CPU
		{20ECF0A2-5D53-48A3-851C-6B2D6E575FD8}.Debug|Any CPU.ActiveCfg = Debug|Any CPU
		{20ECF0A2-5D53-48A3-851C-6B2D6E575FD8}.Debug|Any CPU.Build.0 = Debug|Any CPU
		{20ECF0A2-5D53-48A3-851C-6B2D6E575FD8}.Release|Any CPU.ActiveCfg = Release|Any CPU
		{20ECF0A2-5D53-48A3-851C-6B2D6E575FD8}.Release|Any CPU.Build.0 = Release|Any CPU
		{7E231A15-F59E-4BBF-B140-D254072423DE}.Debug|Any CPU.ActiveCfg = Debug|Any CPU
		{7E231A15-F59E-4BBF-B140-D254072423DE}.Debug|Any CPU.Build.0 = Debug|Any CPU
		{7E231A15-F59E-4BBF-B140-D254072423DE}.Release|Any CPU.ActiveCfg = Release|Any CPU
		{7E231A15-F59E-4BBF-B140-D254072423DE}.Release|Any CPU.Build.0 = Release|Any CPU
		{40D7D473-7E83-4E4F-BE55-71F465833283}.Debug|Any CPU.ActiveCfg = Debug|Any CPU
		{40D7D473-7E83-4E4F-BE55-71F465833283}.Debug|Any CPU.Build.0 = Debug|Any CPU
		{40D7D473-7E83-4E4F-BE55-71F465833283}.Release|Any CPU.ActiveCfg = Release|Any CPU
		{40D7D473-7E83-4E4F-BE55-71F465833283}.Release|Any CPU.Build.0 = Release|Any CPU
		{06B7EB11-F7C4-4BD8-9B54-9D8803183B8D}.Debug|Any CPU.ActiveCfg = Debug|Any CPU
		{06B7EB11-F7C4-4BD8-9B54-9D8803183B8D}.Debug|Any CPU.Build.0 = Debug|Any CPU
		{06B7EB11-F7C4-4BD8-9B54-9D8803183B8D}.Release|Any CPU.ActiveCfg = Release|Any CPU
		{06B7EB11-F7C4-4BD8-9B54-9D8803183B8D}.Release|Any CPU.Build.0 = Release|Any CPU
		{58DC050B-065E-4487-88C7-686ED6AE8689}.Debug|Any CPU.ActiveCfg = Debug|Any CPU
		{58DC050B-065E-4487-88C7-686ED6AE8689}.Debug|Any CPU.Build.0 = Debug|Any CPU
		{58DC050B-065E-4487-88C7-686ED6AE8689}.Release|Any CPU.ActiveCfg = Release|Any CPU
		{58DC050B-065E-4487-88C7-686ED6AE8689}.Release|Any CPU.Build.0 = Release|Any CPU
		{3E66034A-862C-4CD3-8BBA-70EA660AC5E9}.Debug|Any CPU.ActiveCfg = Debug|Any CPU
		{3E66034A-862C-4CD3-8BBA-70EA660AC5E9}.Debug|Any CPU.Build.0 = Debug|Any CPU
		{3E66034A-862C-4CD3-8BBA-70EA660AC5E9}.Release|Any CPU.ActiveCfg = Release|Any CPU
		{3E66034A-862C-4CD3-8BBA-70EA660AC5E9}.Release|Any CPU.Build.0 = Release|Any CPU
		{A0B5986E-7A75-43E7-AFD4-C5ABBC4F4662}.Debug|Any CPU.ActiveCfg = Debug|Any CPU
		{A0B5986E-7A75-43E7-AFD4-C5ABBC4F4662}.Debug|Any CPU.Build.0 = Debug|Any CPU
		{A0B5986E-7A75-43E7-AFD4-C5ABBC4F4662}.Release|Any CPU.ActiveCfg = Release|Any CPU
		{A0B5986E-7A75-43E7-AFD4-C5ABBC4F4662}.Release|Any CPU.Build.0 = Release|Any CPU
		{9E2D5CB8-DECA-4C77-8853-60296145BB17}.Debug|Any CPU.ActiveCfg = Debug|Any CPU
		{9E2D5CB8-DECA-4C77-8853-60296145BB17}.Debug|Any CPU.Build.0 = Debug|Any CPU
		{9E2D5CB8-DECA-4C77-8853-60296145BB17}.Release|Any CPU.ActiveCfg = Release|Any CPU
		{9E2D5CB8-DECA-4C77-8853-60296145BB17}.Release|Any CPU.Build.0 = Release|Any CPU
		{13468745-97FE-4DF3-A1F2-70583401C193}.Debug|Any CPU.ActiveCfg = Debug|Any CPU
		{13468745-97FE-4DF3-A1F2-70583401C193}.Debug|Any CPU.Build.0 = Debug|Any CPU
		{13468745-97FE-4DF3-A1F2-70583401C193}.Release|Any CPU.ActiveCfg = Release|Any CPU
		{13468745-97FE-4DF3-A1F2-70583401C193}.Release|Any CPU.Build.0 = Release|Any CPU
		{6C91B3EE-1A38-4EB8-9371-48AA92352DC5}.Debug|Any CPU.ActiveCfg = Debug|Any CPU
		{6C91B3EE-1A38-4EB8-9371-48AA92352DC5}.Debug|Any CPU.Build.0 = Debug|Any CPU
		{6C91B3EE-1A38-4EB8-9371-48AA92352DC5}.Release|Any CPU.ActiveCfg = Release|Any CPU
		{6C91B3EE-1A38-4EB8-9371-48AA92352DC5}.Release|Any CPU.Build.0 = Release|Any CPU
		{A10DD518-4670-427B-8558-A3956DEBE081}.Debug|Any CPU.ActiveCfg = Debug|Any CPU
		{A10DD518-4670-427B-8558-A3956DEBE081}.Debug|Any CPU.Build.0 = Debug|Any CPU
		{A10DD518-4670-427B-8558-A3956DEBE081}.Release|Any CPU.ActiveCfg = Release|Any CPU
		{A10DD518-4670-427B-8558-A3956DEBE081}.Release|Any CPU.Build.0 = Release|Any CPU
		{E8BE3921-686D-4E84-9615-D924681AAF62}.Debug|Any CPU.ActiveCfg = Debug|Any CPU
		{E8BE3921-686D-4E84-9615-D924681AAF62}.Debug|Any CPU.Build.0 = Debug|Any CPU
		{E8BE3921-686D-4E84-9615-D924681AAF62}.Release|Any CPU.ActiveCfg = Release|Any CPU
		{E8BE3921-686D-4E84-9615-D924681AAF62}.Release|Any CPU.Build.0 = Release|Any CPU
		{657D3228-0C9E-42B2-92D4-B32ABFF2D0C9}.Debug|Any CPU.ActiveCfg = Debug|Any CPU
		{657D3228-0C9E-42B2-92D4-B32ABFF2D0C9}.Debug|Any CPU.Build.0 = Debug|Any CPU
		{657D3228-0C9E-42B2-92D4-B32ABFF2D0C9}.Release|Any CPU.ActiveCfg = Release|Any CPU
		{657D3228-0C9E-42B2-92D4-B32ABFF2D0C9}.Release|Any CPU.Build.0 = Release|Any CPU
		{43D031F3-A287-4133-82F4-FA78DAAAF9B1}.Debug|Any CPU.ActiveCfg = Debug|Any CPU
		{43D031F3-A287-4133-82F4-FA78DAAAF9B1}.Debug|Any CPU.Build.0 = Debug|Any CPU
		{43D031F3-A287-4133-82F4-FA78DAAAF9B1}.Release|Any CPU.ActiveCfg = Release|Any CPU
		{43D031F3-A287-4133-82F4-FA78DAAAF9B1}.Release|Any CPU.Build.0 = Release|Any CPU
		{53E15485-8357-45E9-9432-AAB489E2B788}.Debug|Any CPU.ActiveCfg = Debug|Any CPU
		{53E15485-8357-45E9-9432-AAB489E2B788}.Debug|Any CPU.Build.0 = Debug|Any CPU
		{53E15485-8357-45E9-9432-AAB489E2B788}.Release|Any CPU.ActiveCfg = Release|Any CPU
		{53E15485-8357-45E9-9432-AAB489E2B788}.Release|Any CPU.Build.0 = Release|Any CPU
		{04FF3853-4516-4BE4-BC1D-306474C9B822}.Debug|Any CPU.ActiveCfg = Debug|Any CPU
		{04FF3853-4516-4BE4-BC1D-306474C9B822}.Debug|Any CPU.Build.0 = Debug|Any CPU
		{04FF3853-4516-4BE4-BC1D-306474C9B822}.Release|Any CPU.ActiveCfg = Release|Any CPU
		{04FF3853-4516-4BE4-BC1D-306474C9B822}.Release|Any CPU.Build.0 = Release|Any CPU
		{6E100CD8-5469-4063-8E16-B27F70C22F4B}.Debug|Any CPU.ActiveCfg = Debug|Any CPU
		{6E100CD8-5469-4063-8E16-B27F70C22F4B}.Debug|Any CPU.Build.0 = Debug|Any CPU
		{6E100CD8-5469-4063-8E16-B27F70C22F4B}.Release|Any CPU.ActiveCfg = Release|Any CPU
		{6E100CD8-5469-4063-8E16-B27F70C22F4B}.Release|Any CPU.Build.0 = Release|Any CPU
		{AB46AE30-77B6-462A-A2E3-D984823A769A}.Debug|Any CPU.ActiveCfg = Debug|Any CPU
		{AB46AE30-77B6-462A-A2E3-D984823A769A}.Debug|Any CPU.Build.0 = Debug|Any CPU
		{AB46AE30-77B6-462A-A2E3-D984823A769A}.Release|Any CPU.ActiveCfg = Release|Any CPU
		{AB46AE30-77B6-462A-A2E3-D984823A769A}.Release|Any CPU.Build.0 = Release|Any CPU
	EndGlobalSection
	GlobalSection(SolutionProperties) = preSolution
		HideSolutionNode = FALSE
	EndGlobalSection
	GlobalSection(NestedProjects) = preSolution
		{968781AD-D380-45BF-BA9B-061204F397AE} = {65D9C10E-0B19-4A58-81D7-D4D356FCF871}
		{C5E692BB-97E4-4767-A092-FE765D485C8D} = {65D9C10E-0B19-4A58-81D7-D4D356FCF871}
		{871A76BD-E418-4822-A992-C2F4E2257D84} = {65D9C10E-0B19-4A58-81D7-D4D356FCF871}
		{49647DCE-86BF-4A0E-A536-4CBBBDA0E69B} = {65D9C10E-0B19-4A58-81D7-D4D356FCF871}
		{C4E9BEC8-07A4-4B54-B9D9-857E7859A855} = {44A1868C-0E4B-484E-9CB8-EE5F2D65A7A6}
		{9A2FE134-15BE-42FD-A654-6DA279A50664} = {A38BE8E8-FF12-4939-9D18-485FEE9BD7FF}
		{8096936A-C09F-46E9-9EC8-95C140002375} = {A38BE8E8-FF12-4939-9D18-485FEE9BD7FF}
		{3C1C067E-215A-4D57-8B58-BFACC854CF59} = {A38BE8E8-FF12-4939-9D18-485FEE9BD7FF}
		{1F95A9B2-D7BA-49CB-BE00-EBC8ABB82147} = {A38BE8E8-FF12-4939-9D18-485FEE9BD7FF}
		{9A0C9DB2-0771-4AEA-9534-5B1034BFA3E3} = {A38BE8E8-FF12-4939-9D18-485FEE9BD7FF}
		{20ECF0A2-5D53-48A3-851C-6B2D6E575FD8} = {A38BE8E8-FF12-4939-9D18-485FEE9BD7FF}
		{7E231A15-F59E-4BBF-B140-D254072423DE} = {70B3287D-0BDC-4F54-AA39-DDCBBA88F2E3}
		{40D7D473-7E83-4E4F-BE55-71F465833283} = {70B3287D-0BDC-4F54-AA39-DDCBBA88F2E3}
		{06B7EB11-F7C4-4BD8-9B54-9D8803183B8D} = {70B3287D-0BDC-4F54-AA39-DDCBBA88F2E3}
		{58DC050B-065E-4487-88C7-686ED6AE8689} = {70B3287D-0BDC-4F54-AA39-DDCBBA88F2E3}
		{3E66034A-862C-4CD3-8BBA-70EA660AC5E9} = {70B3287D-0BDC-4F54-AA39-DDCBBA88F2E3}
		{A0B5986E-7A75-43E7-AFD4-C5ABBC4F4662} = {70B3287D-0BDC-4F54-AA39-DDCBBA88F2E3}
		{9E2D5CB8-DECA-4C77-8853-60296145BB17} = {70B3287D-0BDC-4F54-AA39-DDCBBA88F2E3}
		{13468745-97FE-4DF3-A1F2-70583401C193} = {44A1868C-0E4B-484E-9CB8-EE5F2D65A7A6}
		{6C91B3EE-1A38-4EB8-9371-48AA92352DC5} = {44A1868C-0E4B-484E-9CB8-EE5F2D65A7A6}
		{A10DD518-4670-427B-8558-A3956DEBE081} = {44A1868C-0E4B-484E-9CB8-EE5F2D65A7A6}
		{E8BE3921-686D-4E84-9615-D924681AAF62} = {44A1868C-0E4B-484E-9CB8-EE5F2D65A7A6}
		{657D3228-0C9E-42B2-92D4-B32ABFF2D0C9} = {44A1868C-0E4B-484E-9CB8-EE5F2D65A7A6}
		{43D031F3-A287-4133-82F4-FA78DAAAF9B1} = {44A1868C-0E4B-484E-9CB8-EE5F2D65A7A6}
		{53E15485-8357-45E9-9432-AAB489E2B788} = {44A1868C-0E4B-484E-9CB8-EE5F2D65A7A6}
		{04FF3853-4516-4BE4-BC1D-306474C9B822} = {44A1868C-0E4B-484E-9CB8-EE5F2D65A7A6}
		{6E100CD8-5469-4063-8E16-B27F70C22F4B} = {44A1868C-0E4B-484E-9CB8-EE5F2D65A7A6}
		{AB46AE30-77B6-462A-A2E3-D984823A769A} = {987F91D7-43ED-4D03-9DEA-EB1A06CD9F0F}
	EndGlobalSection
	GlobalSection(ExtensibilityGlobals) = postSolution
		SolutionGuid = {E9E3C15D-7976-475E-BCB2-1BC21A9F29D3}
	EndGlobalSection
EndGlobal
